
Microsoft Visual Studio Solution File, Format Version 12.00
# Visual Studio Version 17
VisualStudioVersion = 17.2.32526.322
MinimumVisualStudioVersion = 10.0.40219.1
Project("{9A19103F-16F7-4668-BE54-9A1E7A4F7556}") = "Hactoberfest2022", "Hactoberfest2022\Hactoberfest2022.csproj", "{F48C1A89-A780-49BC-B509-61E72F59B881}"
EndProject
Project("{FAE04EC0-301F-11D3-BF4B-00C04F79EFBC}") = "CalLibrary", "CalLibrary\CalLibrary.csproj", "{1B87F675-C8F8-4784-ABE5-06157DF0386E}"
EndProject
Global
	GlobalSection(SolutionConfigurationPlatforms) = preSolution
		Debug|Any CPU = Debug|Any CPU
		Release|Any CPU = Release|Any CPU
	EndGlobalSection
	GlobalSection(ProjectConfigurationPlatforms) = postSolution
		{F48C1A89-A780-49BC-B509-61E72F59B881}.Debug|Any CPU.ActiveCfg = Debug|Any CPU
		{F48C1A89-A780-49BC-B509-61E72F59B881}.Debug|Any CPU.Build.0 = Debug|Any CPU
		{F48C1A89-A780-49BC-B509-61E72F59B881}.Release|Any CPU.ActiveCfg = Release|Any CPU
		{F48C1A89-A780-49BC-B509-61E72F59B881}.Release|Any CPU.Build.0 = Release|Any CPU
		{1B87F675-C8F8-4784-ABE5-06157DF0386E}.Debug|Any CPU.ActiveCfg = Debug|Any CPU
		{1B87F675-C8F8-4784-ABE5-06157DF0386E}.Debug|Any CPU.Build.0 = Debug|Any CPU
		{1B87F675-C8F8-4784-ABE5-06157DF0386E}.Release|Any CPU.ActiveCfg = Release|Any CPU
		{1B87F675-C8F8-4784-ABE5-06157DF0386E}.Release|Any CPU.Build.0 = Release|Any CPU
	EndGlobalSection
	GlobalSection(SolutionProperties) = preSolution
		HideSolutionNode = FALSE
	EndGlobalSection
	GlobalSection(ExtensibilityGlobals) = postSolution
		SolutionGuid = {AF83F57B-84FC-4C66-AC1D-F7A47685C324}
	EndGlobalSection
EndGlobal
